// !$*UTF8*$!
{
	archiveVersion = 1;
	classes = {
	};
	objectVersion = 50;
	objects = {

/* Begin PBXBuildFile section */
		9904B21CEB204B935EB4D4F2 /* libPods-XR_Douyin.a in Frameworks */ = {isa = PBXBuildFile; fileRef = CACB72111ABB9490609A487A /* libPods-XR_Douyin.a */; };
		CF07E4722147A647006A8654 /* AwemeListRequest.m in Sources */ = {isa = PBXBuildFile; fileRef = CF07E4712147A647006A8654 /* AwemeListRequest.m */; };
		CF07E4752147A7B2006A8654 /* Aweme.m in Sources */ = {isa = PBXBuildFile; fileRef = CF07E4742147A7B2006A8654 /* Aweme.m */; };
		CF07E4782147A7F6006A8654 /* AwemeListResponse.m in Sources */ = {isa = PBXBuildFile; fileRef = CF07E4772147A7F6006A8654 /* AwemeListResponse.m */; };
		CF07E47B2147A899006A8654 /* Video.m in Sources */ = {isa = PBXBuildFile; fileRef = CF07E47A2147A899006A8654 /* Video.m */; };
		CF07E47E2147A931006A8654 /* Music.m in Sources */ = {isa = PBXBuildFile; fileRef = CF07E47D2147A931006A8654 /* Music.m */; };
		CF07E4812147AD01006A8654 /* AwemeCollectoinCell.m in Sources */ = {isa = PBXBuildFile; fileRef = CF07E4802147AD01006A8654 /* AwemeCollectoinCell.m */; };
		CF07E4842147C19E006A8654 /* LoadMoreControl.m in Sources */ = {isa = PBXBuildFile; fileRef = CF07E4832147C19E006A8654 /* LoadMoreControl.m */; };
		CF2517B52141211400BABCF9 /* AppDelegate.m in Sources */ = {isa = PBXBuildFile; fileRef = CF2517B42141211400BABCF9 /* AppDelegate.m */; };
		CF2517B82141211400BABCF9 /* ViewController.m in Sources */ = {isa = PBXBuildFile; fileRef = CF2517B72141211400BABCF9 /* ViewController.m */; };
		CF2517BD2141211500BABCF9 /* Assets.xcassets in Resources */ = {isa = PBXBuildFile; fileRef = CF2517BC2141211500BABCF9 /* Assets.xcassets */; };
		CF2517C02141211500BABCF9 /* LaunchScreen.storyboard in Resources */ = {isa = PBXBuildFile; fileRef = CF2517BE2141211500BABCF9 /* LaunchScreen.storyboard */; };
		CF2517C32141211500BABCF9 /* main.m in Sources */ = {isa = PBXBuildFile; fileRef = CF2517C22141211500BABCF9 /* main.m */; };
		CF2517CB214121C200BABCF9 /* XRDChatlistVC.m in Sources */ = {isa = PBXBuildFile; fileRef = CF2517CA214121C200BABCF9 /* XRDChatlistVC.m */; };
		CF2517D1214123BF00BABCF9 /* BaseViewController.m in Sources */ = {isa = PBXBuildFile; fileRef = CF2517D0214123BF00BABCF9 /* BaseViewController.m */; };
		CF2517D52141301000BABCF9 /* NetworkHelper.m in Sources */ = {isa = PBXBuildFile; fileRef = CF2517D42141301000BABCF9 /* NetworkHelper.m */; };
		CF2517D9214136B200BABCF9 /* BaseRequest.m in Sources */ = {isa = PBXBuildFile; fileRef = CF2517D8214136B200BABCF9 /* BaseRequest.m */; };
		CF2517DD21414D3200BABCF9 /* BaseModel.m in Sources */ = {isa = PBXBuildFile; fileRef = CF2517DC21414D3200BABCF9 /* BaseModel.m */; };
		CF2517E021414D6D00BABCF9 /* GroupChat.m in Sources */ = {isa = PBXBuildFile; fileRef = CF2517DF21414D6D00BABCF9 /* GroupChat.m */; };
		CF2517E321414EC500BABCF9 /* XRDGroupChatListRequest.m in Sources */ = {isa = PBXBuildFile; fileRef = CF2517E221414EC500BABCF9 /* XRDGroupChatListRequest.m */; };
		CF2517E72141540700BABCF9 /* BaseResponse.m in Sources */ = {isa = PBXBuildFile; fileRef = CF2517E62141540700BABCF9 /* BaseResponse.m */; };
		CF2517EA2141552700BABCF9 /* PictureInfo.m in Sources */ = {isa = PBXBuildFile; fileRef = CF2517E92141552700BABCF9 /* PictureInfo.m */; };
		CF2517ED2141555F00BABCF9 /* Visitor.m in Sources */ = {isa = PBXBuildFile; fileRef = CF2517EC2141555F00BABCF9 /* Visitor.m */; };
		CF2517F0214156F300BABCF9 /* ChatListResponse.m in Sources */ = {isa = PBXBuildFile; fileRef = CF2517EF214156F300BABCF9 /* ChatListResponse.m */; };
		CF2517F421415A7E00BABCF9 /* NSDate+Extension.m in Sources */ = {isa = PBXBuildFile; fileRef = CF2517F321415A7E00BABCF9 /* NSDate+Extension.m */; };
		CF2B8E5A21510B72007AE6E6 /* AVPlayerManager.m in Sources */ = {isa = PBXBuildFile; fileRef = CF2B8E5621510B71007AE6E6 /* AVPlayerManager.m */; };
		CF2B8E5B21510B72007AE6E6 /* AVPlayerView.m in Sources */ = {isa = PBXBuildFile; fileRef = CF2B8E5821510B71007AE6E6 /* AVPlayerView.m */; };
		CF2B8E5E21510BB9007AE6E6 /* AwemeListController.m in Sources */ = {isa = PBXBuildFile; fileRef = CF2B8E5D21510BB9007AE6E6 /* AwemeListController.m */; };
		CF2B8E6F21510DF3007AE6E6 /* WebPImage.m in Sources */ = {isa = PBXBuildFile; fileRef = CF2B8E6C21510DF3007AE6E6 /* WebPImage.m */; };
		CF2B8E7021510DF3007AE6E6 /* WebPImageView.m in Sources */ = {isa = PBXBuildFile; fileRef = CF2B8E6D21510DF3007AE6E6 /* WebPImageView.m */; };
		CF2B8E7121510DF3007AE6E6 /* WebPQueueManager.m in Sources */ = {isa = PBXBuildFile; fileRef = CF2B8E6E21510DF3007AE6E6 /* WebPQueueManager.m */; };
		CF2B8E99215114A4007AE6E6 /* AwemeListCell.m in Sources */ = {isa = PBXBuildFile; fileRef = CF2B8E98215114A4007AE6E6 /* AwemeListCell.m */; };
		CF324DD6215CCA15005D9C85 /* ScalePresentAnimation.m in Sources */ = {isa = PBXBuildFile; fileRef = CF324DD5215CCA15005D9C85 /* ScalePresentAnimation.m */; };
		CF3709FC214374B3009DEC79 /* ChatTextView.m in Sources */ = {isa = PBXBuildFile; fileRef = CF3709FB214374B3009DEC79 /* ChatTextView.m */; };
		CF3709FF2143A09D009DEC79 /* NSNotification+Extension.m in Sources */ = {isa = PBXBuildFile; fileRef = CF3709FE2143A09D009DEC79 /* NSNotification+Extension.m */; };
		CF370A022143AFE6009DEC79 /* EmotionSelector.m in Sources */ = {isa = PBXBuildFile; fileRef = CF370A012143AFE6009DEC79 /* EmotionSelector.m */; };
		CF370A052143C32D009DEC79 /* Emoticons.bundle in Resources */ = {isa = PBXBuildFile; fileRef = CF370A042143C32D009DEC79 /* Emoticons.bundle */; };
		CF370A072143C342009DEC79 /* emotion.json in Resources */ = {isa = PBXBuildFile; fileRef = CF370A062143C342009DEC79 /* emotion.json */; };
		CF53ED902154D44700C34CBF /* UIImageView+XR_WebCache.m in Sources */ = {isa = PBXBuildFile; fileRef = CF53ED8F2154D44700C34CBF /* UIImageView+XR_WebCache.m */; };
		CF93120721421E1C00865EBC /* TextMessageCell.m in Sources */ = {isa = PBXBuildFile; fileRef = CF93120621421E1C00865EBC /* TextMessageCell.m */; };
		CF93120A214226A600865EBC /* UIImage+Extension.m in Sources */ = {isa = PBXBuildFile; fileRef = CF931209214226A600865EBC /* UIImage+Extension.m */; };
		CF93120D2142492800865EBC /* NSAttributedString+Extension.m in Sources */ = {isa = PBXBuildFile; fileRef = CF93120C2142492800865EBC /* NSAttributedString+Extension.m */; };
		CF93121021427B4200865EBC /* NSString+Extension.m in Sources */ = {isa = PBXBuildFile; fileRef = CF93120F21427B4200865EBC /* NSString+Extension.m */; };
		CF9312132142848000865EBC /* RefreshControl.m in Sources */ = {isa = PBXBuildFile; fileRef = CF9312122142848000865EBC /* RefreshControl.m */; };
		CF98589A215A0F39003D3C04 /* CommentsPopView.m in Sources */ = {isa = PBXBuildFile; fileRef = CF985899215A0F39003D3C04 /* CommentsPopView.m */; };
		CF98589D215A2456003D3C04 /* CommentListRequest.m in Sources */ = {isa = PBXBuildFile; fileRef = CF98589C215A2456003D3C04 /* CommentListRequest.m */; };
		CF9858A0215A2608003D3C04 /* Comment.m in Sources */ = {isa = PBXBuildFile; fileRef = CF98589F215A2608003D3C04 /* Comment.m */; };
		CF9858A3215A2669003D3C04 /* CommentListResponse.m in Sources */ = {isa = PBXBuildFile; fileRef = CF9858A2215A2669003D3C04 /* CommentListResponse.m */; };
		CFB2CF5A2144BE7200524E4B /* EmotionHelper.m in Sources */ = {isa = PBXBuildFile; fileRef = CFB2CF592144BE7200524E4B /* EmotionHelper.m */; };
		CFB2CF5D2144BECE00524E4B /* NSTextAttachment+Emotion.m in Sources */ = {isa = PBXBuildFile; fileRef = CFB2CF5C2144BECE00524E4B /* NSTextAttachment+Emotion.m */; };
		CFB2CF65214652B900524E4B /* UIWindow+Extension.m in Sources */ = {isa = PBXBuildFile; fileRef = CFB2CF64214652B900524E4B /* UIWindow+Extension.m */; };
		CFB2CF692146661400524E4B /* UserHomePageController.m in Sources */ = {isa = PBXBuildFile; fileRef = CFB2CF682146661400524E4B /* UserHomePageController.m */; };
		CFB2CF6C21466A9B00524E4B /* User.m in Sources */ = {isa = PBXBuildFile; fileRef = CFB2CF6B21466A9B00524E4B /* User.m */; };
		CFB2CF6F21466BC200524E4B /* UserRequest.m in Sources */ = {isa = PBXBuildFile; fileRef = CFB2CF6E21466BC200524E4B /* UserRequest.m */; };
		CFB2CF7221466D0F00524E4B /* UserResponse.m in Sources */ = {isa = PBXBuildFile; fileRef = CFB2CF7121466D0F00524E4B /* UserResponse.m */; };
		CFB2CF752146796500524E4B /* UserInfoHeader.m in Sources */ = {isa = PBXBuildFile; fileRef = CFB2CF742146796500524E4B /* UserInfoHeader.m */; };
		CFFBC41C21521DF10092CA1E /* WebCacheHelpler.m in Sources */ = {isa = PBXBuildFile; fileRef = CFFBC41B21521DF10092CA1E /* WebCacheHelpler.m */; };
/* End PBXBuildFile section */

/* Begin PBXFileReference section */
		1199FA2C91B8F185F6495F8C /* Pods-XR_Douyin.debug.xcconfig */ = {isa = PBXFileReference; includeInIndex = 1; lastKnownFileType = text.xcconfig; name = "Pods-XR_Douyin.debug.xcconfig"; path = "Pods/Target Support Files/Pods-XR_Douyin/Pods-XR_Douyin.debug.xcconfig"; sourceTree = "<group>"; };
		194E1B417B7CE508518FCB3C /* Pods-XR_Douyin.release.xcconfig */ = {isa = PBXFileReference; includeInIndex = 1; lastKnownFileType = text.xcconfig; name = "Pods-XR_Douyin.release.xcconfig"; path = "Pods/Target Support Files/Pods-XR_Douyin/Pods-XR_Douyin.release.xcconfig"; sourceTree = "<group>"; };
		CACB72111ABB9490609A487A /* libPods-XR_Douyin.a */ = {isa = PBXFileReference; explicitFileType = archive.ar; includeInIndex = 0; path = "libPods-XR_Douyin.a"; sourceTree = BUILT_PRODUCTS_DIR; };
		CF07E4702147A647006A8654 /* AwemeListRequest.h */ = {isa = PBXFileReference; lastKnownFileType = sourcecode.c.h; path = AwemeListRequest.h; sourceTree = "<group>"; };
		CF07E4712147A647006A8654 /* AwemeListRequest.m */ = {isa = PBXFileReference; lastKnownFileType = sourcecode.c.objc; path = AwemeListRequest.m; sourceTree = "<group>"; };
		CF07E4732147A7B2006A8654 /* Aweme.h */ = {isa = PBXFileReference; lastKnownFileType = sourcecode.c.h; path = Aweme.h; sourceTree = "<group>"; };
		CF07E4742147A7B2006A8654 /* Aweme.m */ = {isa = PBXFileReference; lastKnownFileType = sourcecode.c.objc; path = Aweme.m; sourceTree = "<group>"; };
		CF07E4762147A7F6006A8654 /* AwemeListResponse.h */ = {isa = PBXFileReference; lastKnownFileType = sourcecode.c.h; path = AwemeListResponse.h; sourceTree = "<group>"; };
		CF07E4772147A7F6006A8654 /* AwemeListResponse.m */ = {isa = PBXFileReference; lastKnownFileType = sourcecode.c.objc; path = AwemeListResponse.m; sourceTree = "<group>"; };
		CF07E4792147A899006A8654 /* Video.h */ = {isa = PBXFileReference; lastKnownFileType = sourcecode.c.h; path = Video.h; sourceTree = "<group>"; };
		CF07E47A2147A899006A8654 /* Video.m */ = {isa = PBXFileReference; lastKnownFileType = sourcecode.c.objc; path = Video.m; sourceTree = "<group>"; };
		CF07E47C2147A931006A8654 /* Music.h */ = {isa = PBXFileReference; lastKnownFileType = sourcecode.c.h; path = Music.h; sourceTree = "<group>"; };
		CF07E47D2147A931006A8654 /* Music.m */ = {isa = PBXFileReference; lastKnownFileType = sourcecode.c.objc; path = Music.m; sourceTree = "<group>"; };
		CF07E47F2147AD01006A8654 /* AwemeCollectoinCell.h */ = {isa = PBXFileReference; lastKnownFileType = sourcecode.c.h; path = AwemeCollectoinCell.h; sourceTree = "<group>"; };
		CF07E4802147AD01006A8654 /* AwemeCollectoinCell.m */ = {isa = PBXFileReference; lastKnownFileType = sourcecode.c.objc; path = AwemeCollectoinCell.m; sourceTree = "<group>"; };
		CF07E4822147C19E006A8654 /* LoadMoreControl.h */ = {isa = PBXFileReference; lastKnownFileType = sourcecode.c.h; path = LoadMoreControl.h; sourceTree = "<group>"; };
		CF07E4832147C19E006A8654 /* LoadMoreControl.m */ = {isa = PBXFileReference; lastKnownFileType = sourcecode.c.objc; path = LoadMoreControl.m; sourceTree = "<group>"; };
		CF2517B02141211400BABCF9 /* XR_Douyin.app */ = {isa = PBXFileReference; explicitFileType = wrapper.application; includeInIndex = 0; path = XR_Douyin.app; sourceTree = BUILT_PRODUCTS_DIR; };
		CF2517B32141211400BABCF9 /* AppDelegate.h */ = {isa = PBXFileReference; lastKnownFileType = sourcecode.c.h; path = AppDelegate.h; sourceTree = "<group>"; };
		CF2517B42141211400BABCF9 /* AppDelegate.m */ = {isa = PBXFileReference; lastKnownFileType = sourcecode.c.objc; path = AppDelegate.m; sourceTree = "<group>"; };
		CF2517B62141211400BABCF9 /* ViewController.h */ = {isa = PBXFileReference; lastKnownFileType = sourcecode.c.h; path = ViewController.h; sourceTree = "<group>"; };
		CF2517B72141211400BABCF9 /* ViewController.m */ = {isa = PBXFileReference; lastKnownFileType = sourcecode.c.objc; path = ViewController.m; sourceTree = "<group>"; };
		CF2517BC2141211500BABCF9 /* Assets.xcassets */ = {isa = PBXFileReference; lastKnownFileType = folder.assetcatalog; path = Assets.xcassets; sourceTree = "<group>"; };
		CF2517BF2141211500BABCF9 /* Base */ = {isa = PBXFileReference; lastKnownFileType = file.storyboard; name = Base; path = Base.lproj/LaunchScreen.storyboard; sourceTree = "<group>"; };
		CF2517C12141211500BABCF9 /* Info.plist */ = {isa = PBXFileReference; lastKnownFileType = text.plist.xml; path = Info.plist; sourceTree = "<group>"; };
		CF2517C22141211500BABCF9 /* main.m */ = {isa = PBXFileReference; lastKnownFileType = sourcecode.c.objc; path = main.m; sourceTree = "<group>"; };
		CF2517C9214121C200BABCF9 /* XRDChatlistVC.h */ = {isa = PBXFileReference; lastKnownFileType = sourcecode.c.h; path = XRDChatlistVC.h; sourceTree = "<group>"; };
		CF2517CA214121C200BABCF9 /* XRDChatlistVC.m */ = {isa = PBXFileReference; lastKnownFileType = sourcecode.c.objc; path = XRDChatlistVC.m; sourceTree = "<group>"; };
		CF2517CD2141235B00BABCF9 /* Constants.h */ = {isa = PBXFileReference; lastKnownFileType = sourcecode.c.h; path = Constants.h; sourceTree = "<group>"; };
		CF2517CF214123BF00BABCF9 /* BaseViewController.h */ = {isa = PBXFileReference; lastKnownFileType = sourcecode.c.h; path = BaseViewController.h; sourceTree = "<group>"; };
		CF2517D0214123BF00BABCF9 /* BaseViewController.m */ = {isa = PBXFileReference; lastKnownFileType = sourcecode.c.objc; path = BaseViewController.m; sourceTree = "<group>"; };
		CF2517D32141301000BABCF9 /* NetworkHelper.h */ = {isa = PBXFileReference; lastKnownFileType = sourcecode.c.h; path = NetworkHelper.h; sourceTree = "<group>"; };
		CF2517D42141301000BABCF9 /* NetworkHelper.m */ = {isa = PBXFileReference; lastKnownFileType = sourcecode.c.objc; path = NetworkHelper.m; sourceTree = "<group>"; };
		CF2517D7214136B200BABCF9 /* BaseRequest.h */ = {isa = PBXFileReference; lastKnownFileType = sourcecode.c.h; path = BaseRequest.h; sourceTree = "<group>"; };
		CF2517D8214136B200BABCF9 /* BaseRequest.m */ = {isa = PBXFileReference; lastKnownFileType = sourcecode.c.objc; path = BaseRequest.m; sourceTree = "<group>"; };
		CF2517DB21414D3200BABCF9 /* BaseModel.h */ = {isa = PBXFileReference; lastKnownFileType = sourcecode.c.h; path = BaseModel.h; sourceTree = "<group>"; };
		CF2517DC21414D3200BABCF9 /* BaseModel.m */ = {isa = PBXFileReference; lastKnownFileType = sourcecode.c.objc; path = BaseModel.m; sourceTree = "<group>"; };
		CF2517DE21414D6D00BABCF9 /* GroupChat.h */ = {isa = PBXFileReference; lastKnownFileType = sourcecode.c.h; path = GroupChat.h; sourceTree = "<group>"; };
		CF2517DF21414D6D00BABCF9 /* GroupChat.m */ = {isa = PBXFileReference; lastKnownFileType = sourcecode.c.objc; path = GroupChat.m; sourceTree = "<group>"; };
		CF2517E121414EC500BABCF9 /* XRDGroupChatListRequest.h */ = {isa = PBXFileReference; lastKnownFileType = sourcecode.c.h; path = XRDGroupChatListRequest.h; sourceTree = "<group>"; };
		CF2517E221414EC500BABCF9 /* XRDGroupChatListRequest.m */ = {isa = PBXFileReference; lastKnownFileType = sourcecode.c.objc; path = XRDGroupChatListRequest.m; sourceTree = "<group>"; };
		CF2517E52141540700BABCF9 /* BaseResponse.h */ = {isa = PBXFileReference; lastKnownFileType = sourcecode.c.h; path = BaseResponse.h; sourceTree = "<group>"; };
		CF2517E62141540700BABCF9 /* BaseResponse.m */ = {isa = PBXFileReference; lastKnownFileType = sourcecode.c.objc; path = BaseResponse.m; sourceTree = "<group>"; };
		CF2517E82141552700BABCF9 /* PictureInfo.h */ = {isa = PBXFileReference; lastKnownFileType = sourcecode.c.h; path = PictureInfo.h; sourceTree = "<group>"; };
		CF2517E92141552700BABCF9 /* PictureInfo.m */ = {isa = PBXFileReference; lastKnownFileType = sourcecode.c.objc; path = PictureInfo.m; sourceTree = "<group>"; };
		CF2517EB2141555F00BABCF9 /* Visitor.h */ = {isa = PBXFileReference; lastKnownFileType = sourcecode.c.h; path = Visitor.h; sourceTree = "<group>"; };
		CF2517EC2141555F00BABCF9 /* Visitor.m */ = {isa = PBXFileReference; lastKnownFileType = sourcecode.c.objc; path = Visitor.m; sourceTree = "<group>"; };
		CF2517EE214156F300BABCF9 /* ChatListResponse.h */ = {isa = PBXFileReference; lastKnownFileType = sourcecode.c.h; path = ChatListResponse.h; sourceTree = "<group>"; };
		CF2517EF214156F300BABCF9 /* ChatListResponse.m */ = {isa = PBXFileReference; lastKnownFileType = sourcecode.c.objc; path = ChatListResponse.m; sourceTree = "<group>"; };
		CF2517F221415A7E00BABCF9 /* NSDate+Extension.h */ = {isa = PBXFileReference; lastKnownFileType = sourcecode.c.h; path = "NSDate+Extension.h"; sourceTree = "<group>"; };
		CF2517F321415A7E00BABCF9 /* NSDate+Extension.m */ = {isa = PBXFileReference; lastKnownFileType = sourcecode.c.objc; path = "NSDate+Extension.m"; sourceTree = "<group>"; };
		CF2B8E5621510B71007AE6E6 /* AVPlayerManager.m */ = {isa = PBXFileReference; fileEncoding = 4; lastKnownFileType = sourcecode.c.objc; path = AVPlayerManager.m; sourceTree = "<group>"; };
		CF2B8E5721510B71007AE6E6 /* AVPlayerView.h */ = {isa = PBXFileReference; fileEncoding = 4; lastKnownFileType = sourcecode.c.h; path = AVPlayerView.h; sourceTree = "<group>"; };
		CF2B8E5821510B71007AE6E6 /* AVPlayerView.m */ = {isa = PBXFileReference; fileEncoding = 4; lastKnownFileType = sourcecode.c.objc; path = AVPlayerView.m; sourceTree = "<group>"; };
		CF2B8E5921510B72007AE6E6 /* AVPlayerManager.h */ = {isa = PBXFileReference; fileEncoding = 4; lastKnownFileType = sourcecode.c.h; path = AVPlayerManager.h; sourceTree = "<group>"; };
		CF2B8E5C21510BB9007AE6E6 /* AwemeListController.h */ = {isa = PBXFileReference; lastKnownFileType = sourcecode.c.h; path = AwemeListController.h; sourceTree = "<group>"; };
		CF2B8E5D21510BB9007AE6E6 /* AwemeListController.m */ = {isa = PBXFileReference; lastKnownFileType = sourcecode.c.objc; path = AwemeListController.m; sourceTree = "<group>"; };
		CF2B8E6921510DF3007AE6E6 /* WebPImage.h */ = {isa = PBXFileReference; fileEncoding = 4; lastKnownFileType = sourcecode.c.h; path = WebPImage.h; sourceTree = "<group>"; };
		CF2B8E6A21510DF3007AE6E6 /* WebPImageView.h */ = {isa = PBXFileReference; fileEncoding = 4; lastKnownFileType = sourcecode.c.h; path = WebPImageView.h; sourceTree = "<group>"; };
		CF2B8E6B21510DF3007AE6E6 /* WebPQueueManager.h */ = {isa = PBXFileReference; fileEncoding = 4; lastKnownFileType = sourcecode.c.h; path = WebPQueueManager.h; sourceTree = "<group>"; };
		CF2B8E6C21510DF3007AE6E6 /* WebPImage.m */ = {isa = PBXFileReference; fileEncoding = 4; lastKnownFileType = sourcecode.c.objc; path = WebPImage.m; sourceTree = "<group>"; };
		CF2B8E6D21510DF3007AE6E6 /* WebPImageView.m */ = {isa = PBXFileReference; fileEncoding = 4; lastKnownFileType = sourcecode.c.objc; path = WebPImageView.m; sourceTree = "<group>"; };
		CF2B8E6E21510DF3007AE6E6 /* WebPQueueManager.m */ = {isa = PBXFileReference; fileEncoding = 4; lastKnownFileType = sourcecode.c.objc; path = WebPQueueManager.m; sourceTree = "<group>"; };
		CF2B8E97215114A4007AE6E6 /* AwemeListCell.h */ = {isa = PBXFileReference; lastKnownFileType = sourcecode.c.h; path = AwemeListCell.h; sourceTree = "<group>"; };
		CF2B8E98215114A4007AE6E6 /* AwemeListCell.m */ = {isa = PBXFileReference; lastKnownFileType = sourcecode.c.objc; path = AwemeListCell.m; sourceTree = "<group>"; };
		CF324DD4215CCA15005D9C85 /* ScalePresentAnimation.h */ = {isa = PBXFileReference; lastKnownFileType = sourcecode.c.h; path = ScalePresentAnimation.h; sourceTree = "<group>"; };
		CF324DD5215CCA15005D9C85 /* ScalePresentAnimation.m */ = {isa = PBXFileReference; lastKnownFileType = sourcecode.c.objc; path = ScalePresentAnimation.m; sourceTree = "<group>"; };
		CF3709FA214374B3009DEC79 /* ChatTextView.h */ = {isa = PBXFileReference; lastKnownFileType = sourcecode.c.h; path = ChatTextView.h; sourceTree = "<group>"; };
		CF3709FB214374B3009DEC79 /* ChatTextView.m */ = {isa = PBXFileReference; lastKnownFileType = sourcecode.c.objc; path = ChatTextView.m; sourceTree = "<group>"; };
		CF3709FD2143A09D009DEC79 /* NSNotification+Extension.h */ = {isa = PBXFileReference; lastKnownFileType = sourcecode.c.h; path = "NSNotification+Extension.h"; sourceTree = "<group>"; };
		CF3709FE2143A09D009DEC79 /* NSNotification+Extension.m */ = {isa = PBXFileReference; lastKnownFileType = sourcecode.c.objc; path = "NSNotification+Extension.m"; sourceTree = "<group>"; };
		CF370A002143AFE6009DEC79 /* EmotionSelector.h */ = {isa = PBXFileReference; lastKnownFileType = sourcecode.c.h; path = EmotionSelector.h; sourceTree = "<group>"; };
		CF370A012143AFE6009DEC79 /* EmotionSelector.m */ = {isa = PBXFileReference; lastKnownFileType = sourcecode.c.objc; path = EmotionSelector.m; sourceTree = "<group>"; };
		CF370A042143C32D009DEC79 /* Emoticons.bundle */ = {isa = PBXFileReference; lastKnownFileType = "wrapper.plug-in"; path = Emoticons.bundle; sourceTree = "<group>"; };
		CF370A062143C342009DEC79 /* emotion.json */ = {isa = PBXFileReference; fileEncoding = 4; lastKnownFileType = text.json; path = emotion.json; sourceTree = "<group>"; };
		CF53ED8E2154D44700C34CBF /* UIImageView+XR_WebCache.h */ = {isa = PBXFileReference; lastKnownFileType = sourcecode.c.h; path = "UIImageView+XR_WebCache.h"; sourceTree = "<group>"; };
		CF53ED8F2154D44700C34CBF /* UIImageView+XR_WebCache.m */ = {isa = PBXFileReference; lastKnownFileType = sourcecode.c.objc; path = "UIImageView+XR_WebCache.m"; sourceTree = "<group>"; };
		CF93120521421E1C00865EBC /* TextMessageCell.h */ = {isa = PBXFileReference; lastKnownFileType = sourcecode.c.h; path = TextMessageCell.h; sourceTree = "<group>"; };
		CF93120621421E1C00865EBC /* TextMessageCell.m */ = {isa = PBXFileReference; lastKnownFileType = sourcecode.c.objc; path = TextMessageCell.m; sourceTree = "<group>"; };
		CF931208214226A600865EBC /* UIImage+Extension.h */ = {isa = PBXFileReference; lastKnownFileType = sourcecode.c.h; path = "UIImage+Extension.h"; sourceTree = "<group>"; };
		CF931209214226A600865EBC /* UIImage+Extension.m */ = {isa = PBXFileReference; lastKnownFileType = sourcecode.c.objc; path = "UIImage+Extension.m"; sourceTree = "<group>"; };
		CF93120B2142492800865EBC /* NSAttributedString+Extension.h */ = {isa = PBXFileReference; lastKnownFileType = sourcecode.c.h; path = "NSAttributedString+Extension.h"; sourceTree = "<group>"; };
		CF93120C2142492800865EBC /* NSAttributedString+Extension.m */ = {isa = PBXFileReference; lastKnownFileType = sourcecode.c.objc; path = "NSAttributedString+Extension.m"; sourceTree = "<group>"; };
		CF93120E21427B4200865EBC /* NSString+Extension.h */ = {isa = PBXFileReference; lastKnownFileType = sourcecode.c.h; path = "NSString+Extension.h"; sourceTree = "<group>"; };
		CF93120F21427B4200865EBC /* NSString+Extension.m */ = {isa = PBXFileReference; lastKnownFileType = sourcecode.c.objc; path = "NSString+Extension.m"; sourceTree = "<group>"; };
		CF9312112142848000865EBC /* RefreshControl.h */ = {isa = PBXFileReference; lastKnownFileType = sourcecode.c.h; path = RefreshControl.h; sourceTree = "<group>"; };
		CF9312122142848000865EBC /* RefreshControl.m */ = {isa = PBXFileReference; lastKnownFileType = sourcecode.c.objc; path = RefreshControl.m; sourceTree = "<group>"; };
		CF985898215A0F39003D3C04 /* CommentsPopView.h */ = {isa = PBXFileReference; lastKnownFileType = sourcecode.c.h; path = CommentsPopView.h; sourceTree = "<group>"; };
		CF985899215A0F39003D3C04 /* CommentsPopView.m */ = {isa = PBXFileReference; lastKnownFileType = sourcecode.c.objc; path = CommentsPopView.m; sourceTree = "<group>"; };
		CF98589B215A2456003D3C04 /* CommentListRequest.h */ = {isa = PBXFileReference; lastKnownFileType = sourcecode.c.h; path = CommentListRequest.h; sourceTree = "<group>"; };
		CF98589C215A2456003D3C04 /* CommentListRequest.m */ = {isa = PBXFileReference; lastKnownFileType = sourcecode.c.objc; path = CommentListRequest.m; sourceTree = "<group>"; };
		CF98589E215A2608003D3C04 /* Comment.h */ = {isa = PBXFileReference; lastKnownFileType = sourcecode.c.h; path = Comment.h; sourceTree = "<group>"; };
		CF98589F215A2608003D3C04 /* Comment.m */ = {isa = PBXFileReference; lastKnownFileType = sourcecode.c.objc; path = Comment.m; sourceTree = "<group>"; };
		CF9858A1215A2669003D3C04 /* CommentListResponse.h */ = {isa = PBXFileReference; lastKnownFileType = sourcecode.c.h; path = CommentListResponse.h; sourceTree = "<group>"; };
		CF9858A2215A2669003D3C04 /* CommentListResponse.m */ = {isa = PBXFileReference; lastKnownFileType = sourcecode.c.objc; path = CommentListResponse.m; sourceTree = "<group>"; };
		CFB2CF582144BE7200524E4B /* EmotionHelper.h */ = {isa = PBXFileReference; lastKnownFileType = sourcecode.c.h; path = EmotionHelper.h; sourceTree = "<group>"; };
		CFB2CF592144BE7200524E4B /* EmotionHelper.m */ = {isa = PBXFileReference; lastKnownFileType = sourcecode.c.objc; path = EmotionHelper.m; sourceTree = "<group>"; };
		CFB2CF5B2144BECE00524E4B /* NSTextAttachment+Emotion.h */ = {isa = PBXFileReference; lastKnownFileType = sourcecode.c.h; path = "NSTextAttachment+Emotion.h"; sourceTree = "<group>"; };
		CFB2CF5C2144BECE00524E4B /* NSTextAttachment+Emotion.m */ = {isa = PBXFileReference; lastKnownFileType = sourcecode.c.objc; path = "NSTextAttachment+Emotion.m"; sourceTree = "<group>"; };
		CFB2CF63214652B900524E4B /* UIWindow+Extension.h */ = {isa = PBXFileReference; lastKnownFileType = sourcecode.c.h; path = "UIWindow+Extension.h"; sourceTree = "<group>"; };
		CFB2CF64214652B900524E4B /* UIWindow+Extension.m */ = {isa = PBXFileReference; lastKnownFileType = sourcecode.c.objc; path = "UIWindow+Extension.m"; sourceTree = "<group>"; };
		CFB2CF672146661400524E4B /* UserHomePageController.h */ = {isa = PBXFileReference; lastKnownFileType = sourcecode.c.h; path = UserHomePageController.h; sourceTree = "<group>"; };
		CFB2CF682146661400524E4B /* UserHomePageController.m */ = {isa = PBXFileReference; lastKnownFileType = sourcecode.c.objc; path = UserHomePageController.m; sourceTree = "<group>"; };
		CFB2CF6A21466A9B00524E4B /* User.h */ = {isa = PBXFileReference; lastKnownFileType = sourcecode.c.h; path = User.h; sourceTree = "<group>"; };
		CFB2CF6B21466A9B00524E4B /* User.m */ = {isa = PBXFileReference; lastKnownFileType = sourcecode.c.objc; path = User.m; sourceTree = "<group>"; };
		CFB2CF6D21466BC200524E4B /* UserRequest.h */ = {isa = PBXFileReference; lastKnownFileType = sourcecode.c.h; path = UserRequest.h; sourceTree = "<group>"; };
		CFB2CF6E21466BC200524E4B /* UserRequest.m */ = {isa = PBXFileReference; lastKnownFileType = sourcecode.c.objc; path = UserRequest.m; sourceTree = "<group>"; };
		CFB2CF7021466D0F00524E4B /* UserResponse.h */ = {isa = PBXFileReference; lastKnownFileType = sourcecode.c.h; path = UserResponse.h; sourceTree = "<group>"; };
		CFB2CF7121466D0F00524E4B /* UserResponse.m */ = {isa = PBXFileReference; lastKnownFileType = sourcecode.c.objc; path = UserResponse.m; sourceTree = "<group>"; };
		CFB2CF732146796500524E4B /* UserInfoHeader.h */ = {isa = PBXFileReference; lastKnownFileType = sourcecode.c.h; path = UserInfoHeader.h; sourceTree = "<group>"; };
		CFB2CF742146796500524E4B /* UserInfoHeader.m */ = {isa = PBXFileReference; lastKnownFileType = sourcecode.c.objc; path = UserInfoHeader.m; sourceTree = "<group>"; };
		CFFBC41A21521DF10092CA1E /* WebCacheHelpler.h */ = {isa = PBXFileReference; lastKnownFileType = sourcecode.c.h; path = WebCacheHelpler.h; sourceTree = "<group>"; };
		CFFBC41B21521DF10092CA1E /* WebCacheHelpler.m */ = {isa = PBXFileReference; lastKnownFileType = sourcecode.c.objc; path = WebCacheHelpler.m; sourceTree = "<group>"; };
/* End PBXFileReference section */

/* Begin PBXFrameworksBuildPhase section */
		CF2517AD2141211400BABCF9 /* Frameworks */ = {
			isa = PBXFrameworksBuildPhase;
			buildActionMask = 2147483647;
			files = (
				9904B21CEB204B935EB4D4F2 /* libPods-XR_Douyin.a in Frameworks */,
			);
			runOnlyForDeploymentPostprocessing = 0;
		};
/* End PBXFrameworksBuildPhase section */

/* Begin PBXGroup section */
		1255F52DAFA93FFBD9849DC2 /* Pods */ = {
			isa = PBXGroup;
			children = (
				1199FA2C91B8F185F6495F8C /* Pods-XR_Douyin.debug.xcconfig */,
				194E1B417B7CE508518FCB3C /* Pods-XR_Douyin.release.xcconfig */,
			);
			name = Pods;
			sourceTree = "<group>";
		};
		9BA0630F693646F4FED7F5E3 /* Frameworks */ = {
			isa = PBXGroup;
			children = (
				CACB72111ABB9490609A487A /* libPods-XR_Douyin.a */,
			);
			name = Frameworks;
			sourceTree = "<group>";
		};
		CF2517A72141211400BABCF9 = {
			isa = PBXGroup;
			children = (
				CF2517B22141211400BABCF9 /* XR_Douyin */,
				CF2517B12141211400BABCF9 /* Products */,
				1255F52DAFA93FFBD9849DC2 /* Pods */,
				9BA0630F693646F4FED7F5E3 /* Frameworks */,
			);
			sourceTree = "<group>";
		};
		CF2517B12141211400BABCF9 /* Products */ = {
			isa = PBXGroup;
			children = (
				CF2517B02141211400BABCF9 /* XR_Douyin.app */,
			);
			name = Products;
			sourceTree = "<group>";
		};
		CF2517B22141211400BABCF9 /* XR_Douyin */ = {
			isa = PBXGroup;
			children = (
				CF2B8E6821510DF3007AE6E6 /* WebP */,
				CF370A032143C321009DEC79 /* Resource */,
				CF2517F121415A5600BABCF9 /* Category */,
				CF2517DA21414D1B00BABCF9 /* Entity */,
				CF2517D221412F9400BABCF9 /* Network */,
				CF2517CE2141239400BABCF9 /* Controller */,
				CF2517CC2141233D00BABCF9 /* Utils */,
				CF2517B32141211400BABCF9 /* AppDelegate.h */,
				CF2517B42141211400BABCF9 /* AppDelegate.m */,
				CF2517B62141211400BABCF9 /* ViewController.h */,
				CF2517B72141211400BABCF9 /* ViewController.m */,
				CF2517BC2141211500BABCF9 /* Assets.xcassets */,
				CF2517BE2141211500BABCF9 /* LaunchScreen.storyboard */,
				CF2517C12141211500BABCF9 /* Info.plist */,
				CF2517C22141211500BABCF9 /* main.m */,
			);
			path = XR_Douyin;
			sourceTree = "<group>";
		};
		CF2517CC2141233D00BABCF9 /* Utils */ = {
			isa = PBXGroup;
			children = (
				CF2517CD2141235B00BABCF9 /* Constants.h */,
			);
			path = Utils;
			sourceTree = "<group>";
		};
		CF2517CE2141239400BABCF9 /* Controller */ = {
			isa = PBXGroup;
			children = (
				CF2B8E5421510B29007AE6E6 /* AwemeList */,
				CFB2CF66214665EE00524E4B /* UserHomePage */,
				CF9312042142152000865EBC /* Chat */,
				CF2517CF214123BF00BABCF9 /* BaseViewController.h */,
				CF2517D0214123BF00BABCF9 /* BaseViewController.m */,
				CF2517C9214121C200BABCF9 /* XRDChatlistVC.h */,
				CF2517CA214121C200BABCF9 /* XRDChatlistVC.m */,
			);
			path = Controller;
			sourceTree = "<group>";
		};
		CF2517D221412F9400BABCF9 /* Network */ = {
			isa = PBXGroup;
			children = (
				CF2517E4214153E100BABCF9 /* HttpResponse */,
				CF2517D62141369100BABCF9 /* HttpRequest */,
				CF2517D32141301000BABCF9 /* NetworkHelper.h */,
				CF2517D42141301000BABCF9 /* NetworkHelper.m */,
				CFFBC41A21521DF10092CA1E /* WebCacheHelpler.h */,
				CFFBC41B21521DF10092CA1E /* WebCacheHelpler.m */,
			);
			path = Network;
			sourceTree = "<group>";
		};
		CF2517D62141369100BABCF9 /* HttpRequest */ = {
			isa = PBXGroup;
			children = (
				CF2517D7214136B200BABCF9 /* BaseRequest.h */,
				CF2517D8214136B200BABCF9 /* BaseRequest.m */,
				CF2517E121414EC500BABCF9 /* XRDGroupChatListRequest.h */,
				CF2517E221414EC500BABCF9 /* XRDGroupChatListRequest.m */,
				CFB2CF6D21466BC200524E4B /* UserRequest.h */,
				CFB2CF6E21466BC200524E4B /* UserRequest.m */,
				CF07E4702147A647006A8654 /* AwemeListRequest.h */,
				CF07E4712147A647006A8654 /* AwemeListRequest.m */,
				CF98589B215A2456003D3C04 /* CommentListRequest.h */,
				CF98589C215A2456003D3C04 /* CommentListRequest.m */,
			);
			path = HttpRequest;
			sourceTree = "<group>";
		};
		CF2517DA21414D1B00BABCF9 /* Entity */ = {
			isa = PBXGroup;
			children = (
				CF2517DB21414D3200BABCF9 /* BaseModel.h */,
				CF2517DC21414D3200BABCF9 /* BaseModel.m */,
				CF2517DE21414D6D00BABCF9 /* GroupChat.h */,
				CF2517DF21414D6D00BABCF9 /* GroupChat.m */,
				CF2517E82141552700BABCF9 /* PictureInfo.h */,
				CF2517E92141552700BABCF9 /* PictureInfo.m */,
				CF2517EB2141555F00BABCF9 /* Visitor.h */,
				CF2517EC2141555F00BABCF9 /* Visitor.m */,
				CFB2CF6A21466A9B00524E4B /* User.h */,
				CFB2CF6B21466A9B00524E4B /* User.m */,
				CF07E4732147A7B2006A8654 /* Aweme.h */,
				CF07E4742147A7B2006A8654 /* Aweme.m */,
				CF07E4792147A899006A8654 /* Video.h */,
				CF07E47A2147A899006A8654 /* Video.m */,
				CF07E47C2147A931006A8654 /* Music.h */,
				CF07E47D2147A931006A8654 /* Music.m */,
				CF98589E215A2608003D3C04 /* Comment.h */,
				CF98589F215A2608003D3C04 /* Comment.m */,
			);
			path = Entity;
			sourceTree = "<group>";
		};
		CF2517E4214153E100BABCF9 /* HttpResponse */ = {
			isa = PBXGroup;
			children = (
				CF07E4762147A7F6006A8654 /* AwemeListResponse.h */,
				CF07E4772147A7F6006A8654 /* AwemeListResponse.m */,
				CF2517E52141540700BABCF9 /* BaseResponse.h */,
				CF2517E62141540700BABCF9 /* BaseResponse.m */,
				CF2517EE214156F300BABCF9 /* ChatListResponse.h */,
				CF2517EF214156F300BABCF9 /* ChatListResponse.m */,
				CFB2CF7021466D0F00524E4B /* UserResponse.h */,
				CFB2CF7121466D0F00524E4B /* UserResponse.m */,
				CF9858A1215A2669003D3C04 /* CommentListResponse.h */,
				CF9858A2215A2669003D3C04 /* CommentListResponse.m */,
			);
			path = HttpResponse;
			sourceTree = "<group>";
		};
		CF2517F121415A5600BABCF9 /* Category */ = {
			isa = PBXGroup;
			children = (
				CF2517F221415A7E00BABCF9 /* NSDate+Extension.h */,
				CF2517F321415A7E00BABCF9 /* NSDate+Extension.m */,
				CF931208214226A600865EBC /* UIImage+Extension.h */,
				CF931209214226A600865EBC /* UIImage+Extension.m */,
				CF93120B2142492800865EBC /* NSAttributedString+Extension.h */,
				CF93120C2142492800865EBC /* NSAttributedString+Extension.m */,
				CF93120E21427B4200865EBC /* NSString+Extension.h */,
				CF93120F21427B4200865EBC /* NSString+Extension.m */,
				CF3709FD2143A09D009DEC79 /* NSNotification+Extension.h */,
				CF3709FE2143A09D009DEC79 /* NSNotification+Extension.m */,
				CFB2CF5B2144BECE00524E4B /* NSTextAttachment+Emotion.h */,
				CFB2CF5C2144BECE00524E4B /* NSTextAttachment+Emotion.m */,
				CFB2CF63214652B900524E4B /* UIWindow+Extension.h */,
				CFB2CF64214652B900524E4B /* UIWindow+Extension.m */,
				CF53ED8E2154D44700C34CBF /* UIImageView+XR_WebCache.h */,
				CF53ED8F2154D44700C34CBF /* UIImageView+XR_WebCache.m */,
			);
			path = Category;
			sourceTree = "<group>";
		};
		CF2B8E5421510B29007AE6E6 /* AwemeList */ = {
			isa = PBXGroup;
			children = (
				CF2B8E5521510B62007AE6E6 /* AVPlayer */,
				CF2B8E5C21510BB9007AE6E6 /* AwemeListController.h */,
				CF2B8E5D21510BB9007AE6E6 /* AwemeListController.m */,
				CF2B8E97215114A4007AE6E6 /* AwemeListCell.h */,
				CF2B8E98215114A4007AE6E6 /* AwemeListCell.m */,
				CF985898215A0F39003D3C04 /* CommentsPopView.h */,
				CF985899215A0F39003D3C04 /* CommentsPopView.m */,
			);
			path = AwemeList;
			sourceTree = "<group>";
		};
		CF2B8E5521510B62007AE6E6 /* AVPlayer */ = {
			isa = PBXGroup;
			children = (
				CF2B8E5921510B72007AE6E6 /* AVPlayerManager.h */,
				CF2B8E5621510B71007AE6E6 /* AVPlayerManager.m */,
				CF2B8E5721510B71007AE6E6 /* AVPlayerView.h */,
				CF2B8E5821510B71007AE6E6 /* AVPlayerView.m */,
			);
			path = AVPlayer;
			sourceTree = "<group>";
		};
		CF2B8E6821510DF3007AE6E6 /* WebP */ = {
			isa = PBXGroup;
			children = (
				CF2B8E6921510DF3007AE6E6 /* WebPImage.h */,
				CF2B8E6A21510DF3007AE6E6 /* WebPImageView.h */,
				CF2B8E6B21510DF3007AE6E6 /* WebPQueueManager.h */,
				CF2B8E6C21510DF3007AE6E6 /* WebPImage.m */,
				CF2B8E6D21510DF3007AE6E6 /* WebPImageView.m */,
				CF2B8E6E21510DF3007AE6E6 /* WebPQueueManager.m */,
			);
			path = WebP;
			sourceTree = "<group>";
		};
		CF324DD3215CC9E8005D9C85 /* Transition */ = {
			isa = PBXGroup;
			children = (
				CF324DD4215CCA15005D9C85 /* ScalePresentAnimation.h */,
				CF324DD5215CCA15005D9C85 /* ScalePresentAnimation.m */,
			);
			path = Transition;
			sourceTree = "<group>";
		};
		CF370A032143C321009DEC79 /* Resource */ = {
			isa = PBXGroup;
			children = (
				CF370A062143C342009DEC79 /* emotion.json */,
				CF370A042143C32D009DEC79 /* Emoticons.bundle */,
			);
			path = Resource;
			sourceTree = "<group>";
		};
		CF9312042142152000865EBC /* Chat */ = {
			isa = PBXGroup;
			children = (
				CFB2CF572144BE5D00524E4B /* Emotion */,
				CF93120521421E1C00865EBC /* TextMessageCell.h */,
				CF93120621421E1C00865EBC /* TextMessageCell.m */,
				CF9312112142848000865EBC /* RefreshControl.h */,
				CF9312122142848000865EBC /* RefreshControl.m */,
				CF3709FA214374B3009DEC79 /* ChatTextView.h */,
				CF3709FB214374B3009DEC79 /* ChatTextView.m */,
				CF370A002143AFE6009DEC79 /* EmotionSelector.h */,
				CF370A012143AFE6009DEC79 /* EmotionSelector.m */,
			);
			path = Chat;
			sourceTree = "<group>";
		};
		CFB2CF572144BE5D00524E4B /* Emotion */ = {
			isa = PBXGroup;
			children = (
				CFB2CF582144BE7200524E4B /* EmotionHelper.h */,
				CFB2CF592144BE7200524E4B /* EmotionHelper.m */,
			);
			path = Emotion;
			sourceTree = "<group>";
		};
		CFB2CF66214665EE00524E4B /* UserHomePage */ = {
			isa = PBXGroup;
			children = (
				CF324DD3215CC9E8005D9C85 /* Transition */,
				CFB2CF672146661400524E4B /* UserHomePageController.h */,
				CFB2CF682146661400524E4B /* UserHomePageController.m */,
				CFB2CF732146796500524E4B /* UserInfoHeader.h */,
				CFB2CF742146796500524E4B /* UserInfoHeader.m */,
				CF07E47F2147AD01006A8654 /* AwemeCollectoinCell.h */,
				CF07E4802147AD01006A8654 /* AwemeCollectoinCell.m */,
				CF07E4822147C19E006A8654 /* LoadMoreControl.h */,
				CF07E4832147C19E006A8654 /* LoadMoreControl.m */,
			);
			path = UserHomePage;
			sourceTree = "<group>";
		};
/* End PBXGroup section */

/* Begin PBXNativeTarget section */
		CF2517AF2141211400BABCF9 /* XR_Douyin */ = {
			isa = PBXNativeTarget;
			buildConfigurationList = CF2517C62141211500BABCF9 /* Build configuration list for PBXNativeTarget "XR_Douyin" */;
			buildPhases = (
				DCDDF0AA346393CB08008034 /* [CP] Check Pods Manifest.lock */,
				CF2517AC2141211400BABCF9 /* Sources */,
				CF2517AD2141211400BABCF9 /* Frameworks */,
				CF2517AE2141211400BABCF9 /* Resources */,
			);
			buildRules = (
			);
			dependencies = (
			);
			name = XR_Douyin;
			productName = XR_Douyin;
			productReference = CF2517B02141211400BABCF9 /* XR_Douyin.app */;
			productType = "com.apple.product-type.application";
		};
/* End PBXNativeTarget section */

/* Begin PBXProject section */
		CF2517A82141211400BABCF9 /* Project object */ = {
			isa = PBXProject;
			attributes = {
				LastUpgradeCheck = 0940;
				ORGANIZATIONNAME = "谢汝";
				TargetAttributes = {
					CF2517AF2141211400BABCF9 = {
						CreatedOnToolsVersion = 9.4.1;
					};
				};
			};
			buildConfigurationList = CF2517AB2141211400BABCF9 /* Build configuration list for PBXProject "XR_Douyin" */;
			compatibilityVersion = "Xcode 9.3";
			developmentRegion = en;
			hasScannedForEncodings = 0;
			knownRegions = (
				en,
				Base,
			);
			mainGroup = CF2517A72141211400BABCF9;
			productRefGroup = CF2517B12141211400BABCF9 /* Products */;
			projectDirPath = "";
			projectRoot = "";
			targets = (
				CF2517AF2141211400BABCF9 /* XR_Douyin */,
			);
		};
/* End PBXProject section */

/* Begin PBXResourcesBuildPhase section */
		CF2517AE2141211400BABCF9 /* Resources */ = {
			isa = PBXResourcesBuildPhase;
			buildActionMask = 2147483647;
			files = (
				CF2517C02141211500BABCF9 /* LaunchScreen.storyboard in Resources */,
				CF370A052143C32D009DEC79 /* Emoticons.bundle in Resources */,
				CF2517BD2141211500BABCF9 /* Assets.xcassets in Resources */,
				CF370A072143C342009DEC79 /* emotion.json in Resources */,
			);
			runOnlyForDeploymentPostprocessing = 0;
		};
/* End PBXResourcesBuildPhase section */

/* Begin PBXShellScriptBuildPhase section */
		DCDDF0AA346393CB08008034 /* [CP] Check Pods Manifest.lock */ = {
			isa = PBXShellScriptBuildPhase;
			buildActionMask = 2147483647;
			files = (
			);
			inputPaths = (
				"${PODS_PODFILE_DIR_PATH}/Podfile.lock",
				"${PODS_ROOT}/Manifest.lock",
			);
			name = "[CP] Check Pods Manifest.lock";
			outputPaths = (
				"$(DERIVED_FILE_DIR)/Pods-XR_Douyin-checkManifestLockResult.txt",
			);
			runOnlyForDeploymentPostprocessing = 0;
			shellPath = /bin/sh;
			shellScript = "diff \"${PODS_PODFILE_DIR_PATH}/Podfile.lock\" \"${PODS_ROOT}/Manifest.lock\" > /dev/null\nif [ $? != 0 ] ; then\n    # print error to STDERR\n    echo \"error: The sandbox is not in sync with the Podfile.lock. Run 'pod install' or update your CocoaPods installation.\" >&2\n    exit 1\nfi\n# This output is used by Xcode 'outputs' to avoid re-running this script phase.\necho \"SUCCESS\" > \"${SCRIPT_OUTPUT_FILE_0}\"\n";
			showEnvVarsInLog = 0;
		};
/* End PBXShellScriptBuildPhase section */

/* Begin PBXSourcesBuildPhase section */
		CF2517AC2141211400BABCF9 /* Sources */ = {
			isa = PBXSourcesBuildPhase;
			buildActionMask = 2147483647;
			files = (
				CF07E4752147A7B2006A8654 /* Aweme.m in Sources */,
				CF2517EA2141552700BABCF9 /* PictureInfo.m in Sources */,
				CF07E4722147A647006A8654 /* AwemeListRequest.m in Sources */,
				CF3709FF2143A09D009DEC79 /* NSNotification+Extension.m in Sources */,
				CF2B8E6F21510DF3007AE6E6 /* WebPImage.m in Sources */,
				CF07E4842147C19E006A8654 /* LoadMoreControl.m in Sources */,
				CF2517B82141211400BABCF9 /* ViewController.m in Sources */,
				CF98589D215A2456003D3C04 /* CommentListRequest.m in Sources */,
				CF93120A214226A600865EBC /* UIImage+Extension.m in Sources */,
				CF370A022143AFE6009DEC79 /* EmotionSelector.m in Sources */,
				CFB2CF7221466D0F00524E4B /* UserResponse.m in Sources */,
				CF07E4782147A7F6006A8654 /* AwemeListResponse.m in Sources */,
				CF07E4812147AD01006A8654 /* AwemeCollectoinCell.m in Sources */,
				CF9858A0215A2608003D3C04 /* Comment.m in Sources */,
				CF2517D1214123BF00BABCF9 /* BaseViewController.m in Sources */,
				CFB2CF5D2144BECE00524E4B /* NSTextAttachment+Emotion.m in Sources */,
				CF9858A3215A2669003D3C04 /* CommentListResponse.m in Sources */,
				CF2517E321414EC500BABCF9 /* XRDGroupChatListRequest.m in Sources */,
				CF2B8E7021510DF3007AE6E6 /* WebPImageView.m in Sources */,
				CFB2CF6C21466A9B00524E4B /* User.m in Sources */,
				CF07E47B2147A899006A8654 /* Video.m in Sources */,
				CFB2CF752146796500524E4B /* UserInfoHeader.m in Sources */,
				CF2B8E5B21510B72007AE6E6 /* AVPlayerView.m in Sources */,
				CF2517DD21414D3200BABCF9 /* BaseModel.m in Sources */,
				CF2B8E5E21510BB9007AE6E6 /* AwemeListController.m in Sources */,
				CFB2CF6F21466BC200524E4B /* UserRequest.m in Sources */,
				CF2B8E5A21510B72007AE6E6 /* AVPlayerManager.m in Sources */,
				CF93121021427B4200865EBC /* NSString+Extension.m in Sources */,
				CF2517E021414D6D00BABCF9 /* GroupChat.m in Sources */,
				CF93120721421E1C00865EBC /* TextMessageCell.m in Sources */,
				CF2517F0214156F300BABCF9 /* ChatListResponse.m in Sources */,
				CFB2CF65214652B900524E4B /* UIWindow+Extension.m in Sources */,
				CF3709FC214374B3009DEC79 /* ChatTextView.m in Sources */,
				CFB2CF5A2144BE7200524E4B /* EmotionHelper.m in Sources */,
				CF2517D52141301000BABCF9 /* NetworkHelper.m in Sources */,
				CF2517CB214121C200BABCF9 /* XRDChatlistVC.m in Sources */,
				CF93120D2142492800865EBC /* NSAttributedString+Extension.m in Sources */,
				CF2B8E7121510DF3007AE6E6 /* WebPQueueManager.m in Sources */,
				CF07E47E2147A931006A8654 /* Music.m in Sources */,
				CF2517ED2141555F00BABCF9 /* Visitor.m in Sources */,
				CF53ED902154D44700C34CBF /* UIImageView+XR_WebCache.m in Sources */,
				CFFBC41C21521DF10092CA1E /* WebCacheHelpler.m in Sources */,
				CFB2CF692146661400524E4B /* UserHomePageController.m in Sources */,
				CF2517D9214136B200BABCF9 /* BaseRequest.m in Sources */,
				CF2517F421415A7E00BABCF9 /* NSDate+Extension.m in Sources */,
				CF2517C32141211500BABCF9 /* main.m in Sources */,
				CF2517B52141211400BABCF9 /* AppDelegate.m in Sources */,
				CF324DD6215CCA15005D9C85 /* ScalePresentAnimation.m in Sources */,
				CF98589A215A0F39003D3C04 /* CommentsPopView.m in Sources */,
				CF2517E72141540700BABCF9 /* BaseResponse.m in Sources */,
				CF2B8E99215114A4007AE6E6 /* AwemeListCell.m in Sources */,
				CF9312132142848000865EBC /* RefreshControl.m in Sources */,
			);
			runOnlyForDeploymentPostprocessing = 0;
		};
/* End PBXSourcesBuildPhase section */

/* Begin PBXVariantGroup section */
		CF2517BE2141211500BABCF9 /* LaunchScreen.storyboard */ = {
			isa = PBXVariantGroup;
			children = (
				CF2517BF2141211500BABCF9 /* Base */,
			);
			name = LaunchScreen.storyboard;
			sourceTree = "<group>";
		};
/* End PBXVariantGroup section */

/* Begin XCBuildConfiguration section */
		CF2517C42141211500BABCF9 /* Debug */ = {
			isa = XCBuildConfiguration;
			buildSettings = {
				ALWAYS_SEARCH_USER_PATHS = NO;
				CLANG_ANALYZER_NONNULL = YES;
				CLANG_ANALYZER_NUMBER_OBJECT_CONVERSION = YES_AGGRESSIVE;
				CLANG_CXX_LANGUAGE_STANDARD = "gnu++14";
				CLANG_CXX_LIBRARY = "libc++";
				CLANG_ENABLE_MODULES = YES;
				CLANG_ENABLE_OBJC_ARC = YES;
				CLANG_ENABLE_OBJC_WEAK = YES;
				CLANG_WARN_BLOCK_CAPTURE_AUTORELEASING = YES;
				CLANG_WARN_BOOL_CONVERSION = YES;
				CLANG_WARN_COMMA = YES;
				CLANG_WARN_CONSTANT_CONVERSION = YES;
				CLANG_WARN_DEPRECATED_OBJC_IMPLEMENTATIONS = YES;
				CLANG_WARN_DIRECT_OBJC_ISA_USAGE = YES_ERROR;
				CLANG_WARN_DOCUMENTATION_COMMENTS = YES;
				CLANG_WARN_EMPTY_BODY = YES;
				CLANG_WARN_ENUM_CONVERSION = YES;
				CLANG_WARN_INFINITE_RECURSION = YES;
				CLANG_WARN_INT_CONVERSION = YES;
				CLANG_WARN_NON_LITERAL_NULL_CONVERSION = YES;
				CLANG_WARN_OBJC_IMPLICIT_RETAIN_SELF = YES;
				CLANG_WARN_OBJC_LITERAL_CONVERSION = YES;
				CLANG_WARN_OBJC_ROOT_CLASS = YES_ERROR;
				CLANG_WARN_RANGE_LOOP_ANALYSIS = YES;
				CLANG_WARN_STRICT_PROTOTYPES = YES;
				CLANG_WARN_SUSPICIOUS_MOVE = YES;
				CLANG_WARN_UNGUARDED_AVAILABILITY = YES_AGGRESSIVE;
				CLANG_WARN_UNREACHABLE_CODE = YES;
				CLANG_WARN__DUPLICATE_METHOD_MATCH = YES;
				CODE_SIGN_IDENTITY = "iPhone Developer";
				COPY_PHASE_STRIP = NO;
				DEBUG_INFORMATION_FORMAT = dwarf;
				ENABLE_STRICT_OBJC_MSGSEND = YES;
				ENABLE_TESTABILITY = YES;
				GCC_C_LANGUAGE_STANDARD = gnu11;
				GCC_DYNAMIC_NO_PIC = NO;
				GCC_NO_COMMON_BLOCKS = YES;
				GCC_OPTIMIZATION_LEVEL = 0;
				GCC_PREPROCESSOR_DEFINITIONS = (
					"DEBUG=1",
					"$(inherited)",
				);
				GCC_WARN_64_TO_32_BIT_CONVERSION = YES;
				GCC_WARN_ABOUT_RETURN_TYPE = YES_ERROR;
				GCC_WARN_UNDECLARED_SELECTOR = YES;
				GCC_WARN_UNINITIALIZED_AUTOS = YES_AGGRESSIVE;
				GCC_WARN_UNUSED_FUNCTION = YES;
				GCC_WARN_UNUSED_VARIABLE = YES;
				IPHONEOS_DEPLOYMENT_TARGET = 11.4;
				MTL_ENABLE_DEBUG_INFO = YES;
				ONLY_ACTIVE_ARCH = YES;
				SDKROOT = iphoneos;
			};
			name = Debug;
		};
		CF2517C52141211500BABCF9 /* Release */ = {
			isa = XCBuildConfiguration;
			buildSettings = {
				ALWAYS_SEARCH_USER_PATHS = NO;
				CLANG_ANALYZER_NONNULL = YES;
				CLANG_ANALYZER_NUMBER_OBJECT_CONVERSION = YES_AGGRESSIVE;
				CLANG_CXX_LANGUAGE_STANDARD = "gnu++14";
				CLANG_CXX_LIBRARY = "libc++";
				CLANG_ENABLE_MODULES = YES;
				CLANG_ENABLE_OBJC_ARC = YES;
				CLANG_ENABLE_OBJC_WEAK = YES;
				CLANG_WARN_BLOCK_CAPTURE_AUTORELEASING = YES;
				CLANG_WARN_BOOL_CONVERSION = YES;
				CLANG_WARN_COMMA = YES;
				CLANG_WARN_CONSTANT_CONVERSION = YES;
				CLANG_WARN_DEPRECATED_OBJC_IMPLEMENTATIONS = YES;
				CLANG_WARN_DIRECT_OBJC_ISA_USAGE = YES_ERROR;
				CLANG_WARN_DOCUMENTATION_COMMENTS = YES;
				CLANG_WARN_EMPTY_BODY = YES;
				CLANG_WARN_ENUM_CONVERSION = YES;
				CLANG_WARN_INFINITE_RECURSION = YES;
				CLANG_WARN_INT_CONVERSION = YES;
				CLANG_WARN_NON_LITERAL_NULL_CONVERSION = YES;
				CLANG_WARN_OBJC_IMPLICIT_RETAIN_SELF = YES;
				CLANG_WARN_OBJC_LITERAL_CONVERSION = YES;
				CLANG_WARN_OBJC_ROOT_CLASS = YES_ERROR;
				CLANG_WARN_RANGE_LOOP_ANALYSIS = YES;
				CLANG_WARN_STRICT_PROTOTYPES = YES;
				CLANG_WARN_SUSPICIOUS_MOVE = YES;
				CLANG_WARN_UNGUARDED_AVAILABILITY = YES_AGGRESSIVE;
				CLANG_WARN_UNREACHABLE_CODE = YES;
				CLANG_WARN__DUPLICATE_METHOD_MATCH = YES;
				CODE_SIGN_IDENTITY = "iPhone Developer";
				COPY_PHASE_STRIP = NO;
				DEBUG_INFORMATION_FORMAT = "dwarf-with-dsym";
				ENABLE_NS_ASSERTIONS = NO;
				ENABLE_STRICT_OBJC_MSGSEND = YES;
				GCC_C_LANGUAGE_STANDARD = gnu11;
				GCC_NO_COMMON_BLOCKS = YES;
				GCC_WARN_64_TO_32_BIT_CONVERSION = YES;
				GCC_WARN_ABOUT_RETURN_TYPE = YES_ERROR;
				GCC_WARN_UNDECLARED_SELECTOR = YES;
				GCC_WARN_UNINITIALIZED_AUTOS = YES_AGGRESSIVE;
				GCC_WARN_UNUSED_FUNCTION = YES;
				GCC_WARN_UNUSED_VARIABLE = YES;
				IPHONEOS_DEPLOYMENT_TARGET = 11.4;
				MTL_ENABLE_DEBUG_INFO = NO;
				SDKROOT = iphoneos;
				VALIDATE_PRODUCT = YES;
			};
			name = Release;
		};
		CF2517C72141211500BABCF9 /* Debug */ = {
			isa = XCBuildConfiguration;
			baseConfigurationReference = 1199FA2C91B8F185F6495F8C /* Pods-XR_Douyin.debug.xcconfig */;
			buildSettings = {
				ASSETCATALOG_COMPILER_APPICON_NAME = AppIcon;
				CODE_SIGN_STYLE = Automatic;
				DEVELOPMENT_TEAM = WVSA339HRN;
				INFOPLIST_FILE = XR_Douyin/Info.plist;
				IPHONEOS_DEPLOYMENT_TARGET = 8.0;
				LD_RUNPATH_SEARCH_PATHS = (
					"$(inherited)",
					"@executable_path/Frameworks",
				);
				PRODUCT_BUNDLE_IDENTIFIER = com.xieru.douyin.demo;
				PRODUCT_NAME = "$(TARGET_NAME)";
				TARGETED_DEVICE_FAMILY = "1,2";
			};
			name = Debug;
		};
		CF2517C82141211500BABCF9 /* Release */ = {
			isa = XCBuildConfiguration;
			baseConfigurationReference = 194E1B417B7CE508518FCB3C /* Pods-XR_Douyin.release.xcconfig */;
			buildSettings = {
				ASSETCATALOG_COMPILER_APPICON_NAME = AppIcon;
				CODE_SIGN_STYLE = Automatic;
				DEVELOPMENT_TEAM = WVSA339HRN;
				INFOPLIST_FILE = XR_Douyin/Info.plist;
				IPHONEOS_DEPLOYMENT_TARGET = 8.0;
				LD_RUNPATH_SEARCH_PATHS = (
					"$(inherited)",
					"@executable_path/Frameworks",
				);
				PRODUCT_BUNDLE_IDENTIFIER = com.xieru.douyin.demo;
				PRODUCT_NAME = "$(TARGET_NAME)";
				TARGETED_DEVICE_FAMILY = "1,2";
			};
			name = Release;
		};
/* End XCBuildConfiguration section */

/* Begin XCConfigurationList section */
		CF2517AB2141211400BABCF9 /* Build configuration list for PBXProject "XR_Douyin" */ = {
			isa = XCConfigurationList;
			buildConfigurations = (
				CF2517C42141211500BABCF9 /* Debug */,
				CF2517C52141211500BABCF9 /* Release */,
			);
			defaultConfigurationIsVisible = 0;
			defaultConfigurationName = Release;
		};
		CF2517C62141211500BABCF9 /* Build configuration list for PBXNativeTarget "XR_Douyin" */ = {
			isa = XCConfigurationList;
			buildConfigurations = (
				CF2517C72141211500BABCF9 /* Debug */,
				CF2517C82141211500BABCF9 /* Release */,
			);
			defaultConfigurationIsVisible = 0;
			defaultConfigurationName = Release;
		};
/* End XCConfigurationList section */
	};
	rootObject = CF2517A82141211400BABCF9 /* Project object */;
}
